{
  "name": "underscores",
  "version": "1.0.0",
  "lockfileVersion": 1,
  "requires": true,
  "dependencies": {
    "lottie-web": {
      "version": "5.7.14",
      "resolved": "https://registry.npmjs.org/lottie-web/-/lottie-web-5.7.14.tgz",
      "integrity": "sha512-J+QEPse7Rws0XvTqRJNtcE8cszb5FWYFHubEK6bgDJtw64/AQJ40aazbWXsWGBM4sm/PgLBLgmmhDU4QpLiieg=="
    }
  }
}
